
Microsoft Visual Studio Solution File, Format Version 12.00
# Visual Studio Version 16
VisualStudioVersion = 16.0.31515.178
MinimumVisualStudioVersion = 10.0.40219.1
Project("{9A19103F-16F7-4668-BE54-9A1E7A4F7556}") = "Arachne_Tests", "myTests_RENAME\Arachne_Tests.csproj", "{093BAF29-DC11-4B74-AD8E-913F288C5AA2}"
EndProject
Project("{9A19103F-16F7-4668-BE54-9A1E7A4F7556}") = "Arachne_Framework", "Arachne_Framework\Arachne_Framework.csproj", "{A89A4D8E-7674-498B-AC75-FE99C69B3DD4}"
EndProject
Project("{9A19103F-16F7-4668-BE54-9A1E7A4F7556}") = "Arachne_Crawler", "Arachne_Crawler\Arachne_Crawler.csproj", "{782765E0-5A9C-4893-9CE7-3CA892B15B82}"
EndProject
Global
	GlobalSection(SolutionConfigurationPlatforms) = preSolution
		Debug|Any CPU = Debug|Any CPU
		Release|Any CPU = Release|Any CPU
	EndGlobalSection
	GlobalSection(ProjectConfigurationPlatforms) = postSolution
		{093BAF29-DC11-4B74-AD8E-913F288C5AA2}.Debug|Any CPU.ActiveCfg = Debug|Any CPU
		{093BAF29-DC11-4B74-AD8E-913F288C5AA2}.Debug|Any CPU.Build.0 = Debug|Any CPU
		{093BAF29-DC11-4B74-AD8E-913F288C5AA2}.Release|Any CPU.ActiveCfg = Release|Any CPU
		{093BAF29-DC11-4B74-AD8E-913F288C5AA2}.Release|Any CPU.Build.0 = Release|Any CPU
		{A89A4D8E-7674-498B-AC75-FE99C69B3DD4}.Debug|Any CPU.ActiveCfg = Debug|Any CPU
		{A89A4D8E-7674-498B-AC75-FE99C69B3DD4}.Debug|Any CPU.Build.0 = Debug|Any CPU
		{A89A4D8E-7674-498B-AC75-FE99C69B3DD4}.Release|Any CPU.ActiveCfg = Release|Any CPU
		{A89A4D8E-7674-498B-AC75-FE99C69B3DD4}.Release|Any CPU.Build.0 = Release|Any CPU
		{782765E0-5A9C-4893-9CE7-3CA892B15B82}.Debug|Any CPU.ActiveCfg = Debug|Any CPU
		{782765E0-5A9C-4893-9CE7-3CA892B15B82}.Debug|Any CPU.Build.0 = Debug|Any CPU
		{782765E0-5A9C-4893-9CE7-3CA892B15B82}.Release|Any CPU.ActiveCfg = Release|Any CPU
		{782765E0-5A9C-4893-9CE7-3CA892B15B82}.Release|Any CPU.Build.0 = Release|Any CPU
	EndGlobalSection
	GlobalSection(SolutionProperties) = preSolution
		HideSolutionNode = FALSE
	EndGlobalSection
	GlobalSection(ExtensibilityGlobals) = postSolution
		SolutionGuid = {24DFA5CE-2B48-40D6-A20E-11E420E4BAD4}
	EndGlobalSection
EndGlobal
